
Microsoft Visual Studio Solution File, Format Version 12.00
# Visual Studio 2012
Project("{FAE04EC0-301F-11D3-BF4B-00C04F79EFBC}") = "OptimalControl", "OptimalControl\OptimalControl.csproj", "{BE0A9A66-53F3-4C85-8C89-B28C26E49FB8}"
EndProject
Project("{FAE04EC0-301F-11D3-BF4B-00C04F79EFBC}") = "BLL", "BLL\BLL.csproj", "{0D8FEDC1-E7EB-4E69-8D63-CEDDE7674DFC}"
EndProject
Project("{FAE04EC0-301F-11D3-BF4B-00C04F79EFBC}") = "BLLFactory", "BLLFactory\BLLFactory.csproj", "{9EE1285C-A0C6-4215-A57F-C346609956FC}"
EndProject
Project("{FAE04EC0-301F-11D3-BF4B-00C04F79EFBC}") = "DAL", "DAL\DAL.csproj", "{9FACE24C-21D0-4C5F-9CCB-D75C16D55D8B}"
EndProject
Project("{FAE04EC0-301F-11D3-BF4B-00C04F79EFBC}") = "DALFactory", "DALFactory\DALFactory.csproj", "{1972C814-6581-43D2-8946-07F1231F6F7D}"
EndProject
Project("{FAE04EC0-301F-11D3-BF4B-00C04F79EFBC}") = "DBUtility", "DBUtility\DBUtility.csproj", "{0EAC593E-D20E-465C-A94E-CFA6898A54D2}"
EndProject
Project("{FAE04EC0-301F-11D3-BF4B-00C04F79EFBC}") = "IBLL", "IBLL\IBLL.csproj", "{F5342C35-1005-4E33-83AC-604E782A53B3}"
EndProject
Project("{FAE04EC0-301F-11D3-BF4B-00C04F79EFBC}") = "IDAL", "IDAL\IDAL.csproj", "{A983137D-7C98-433E-B1BC-D40A6E6597DD}"
EndProject
Project("{FAE04EC0-301F-11D3-BF4B-00C04F79EFBC}") = "Model", "Model\Model.csproj", "{29B87E5D-7FDC-497F-B99F-BAFE000E684B}"
EndProject
Project("{FAE04EC0-301F-11D3-BF4B-00C04F79EFBC}") = "Common", "Common\Common.csproj", "{49761B2D-E13E-48CE-ADF3-449608948AD2}"
EndProject
Project("{FAE04EC0-301F-11D3-BF4B-00C04F79EFBC}") = "ExpertSystem", "ExpertSystem\ExpertSystem.csproj", "{CFA17E14-343E-4C99-8AEC-08EF1D5E274F}"
EndProject
Global
	GlobalSection(SolutionConfigurationPlatforms) = preSolution
		Debug|Any CPU = Debug|Any CPU
		Release|Any CPU = Release|Any CPU
	EndGlobalSection
	GlobalSection(ProjectConfigurationPlatforms) = postSolution
		{BE0A9A66-53F3-4C85-8C89-B28C26E49FB8}.Debug|Any CPU.ActiveCfg = Debug|Any CPU
		{BE0A9A66-53F3-4C85-8C89-B28C26E49FB8}.Debug|Any CPU.Build.0 = Debug|Any CPU
		{BE0A9A66-53F3-4C85-8C89-B28C26E49FB8}.Release|Any CPU.ActiveCfg = Release|Any CPU
		{BE0A9A66-53F3-4C85-8C89-B28C26E49FB8}.Release|Any CPU.Build.0 = Release|Any CPU
		{0D8FEDC1-E7EB-4E69-8D63-CEDDE7674DFC}.Debug|Any CPU.ActiveCfg = Debug|Any CPU
		{0D8FEDC1-E7EB-4E69-8D63-CEDDE7674DFC}.Debug|Any CPU.Build.0 = Debug|Any CPU
		{0D8FEDC1-E7EB-4E69-8D63-CEDDE7674DFC}.Release|Any CPU.ActiveCfg = Release|Any CPU
		{0D8FEDC1-E7EB-4E69-8D63-CEDDE7674DFC}.Release|Any CPU.Build.0 = Release|Any CPU
		{9EE1285C-A0C6-4215-A57F-C346609956FC}.Debug|Any CPU.ActiveCfg = Debug|Any CPU
		{9EE1285C-A0C6-4215-A57F-C346609956FC}.Debug|Any CPU.Build.0 = Debug|Any CPU
		{9EE1285C-A0C6-4215-A57F-C346609956FC}.Release|Any CPU.ActiveCfg = Release|Any CPU
		{9EE1285C-A0C6-4215-A57F-C346609956FC}.Release|Any CPU.Build.0 = Release|Any CPU
		{9FACE24C-21D0-4C5F-9CCB-D75C16D55D8B}.Debug|Any CPU.ActiveCfg = Debug|Any CPU
		{9FACE24C-21D0-4C5F-9CCB-D75C16D55D8B}.Debug|Any CPU.Build.0 = Debug|Any CPU
		{9FACE24C-21D0-4C5F-9CCB-D75C16D55D8B}.Release|Any CPU.ActiveCfg = Release|Any CPU
		{9FACE24C-21D0-4C5F-9CCB-D75C16D55D8B}.Release|Any CPU.Build.0 = Release|Any CPU
		{1972C814-6581-43D2-8946-07F1231F6F7D}.Debug|Any CPU.ActiveCfg = Debug|Any CPU
		{1972C814-6581-43D2-8946-07F1231F6F7D}.Debug|Any CPU.Build.0 = Debug|Any CPU
		{1972C814-6581-43D2-8946-07F1231F6F7D}.Release|Any CPU.ActiveCfg = Release|Any CPU
		{1972C814-6581-43D2-8946-07F1231F6F7D}.Release|Any CPU.Build.0 = Release|Any CPU
		{0EAC593E-D20E-465C-A94E-CFA6898A54D2}.Debug|Any CPU.ActiveCfg = Debug|Any CPU
		{0EAC593E-D20E-465C-A94E-CFA6898A54D2}.Debug|Any CPU.Build.0 = Debug|Any CPU
		{0EAC593E-D20E-465C-A94E-CFA6898A54D2}.Release|Any CPU.ActiveCfg = Release|Any CPU
		{0EAC593E-D20E-465C-A94E-CFA6898A54D2}.Release|Any CPU.Build.0 = Release|Any CPU
		{F5342C35-1005-4E33-83AC-604E782A53B3}.Debug|Any CPU.ActiveCfg = Debug|Any CPU
		{F5342C35-1005-4E33-83AC-604E782A53B3}.Debug|Any CPU.Build.0 = Debug|Any CPU
		{F5342C35-1005-4E33-83AC-604E782A53B3}.Release|Any CPU.ActiveCfg = Release|Any CPU
		{F5342C35-1005-4E33-83AC-604E782A53B3}.Release|Any CPU.Build.0 = Release|Any CPU
		{A983137D-7C98-433E-B1BC-D40A6E6597DD}.Debug|Any CPU.ActiveCfg = Debug|Any CPU
		{A983137D-7C98-433E-B1BC-D40A6E6597DD}.Debug|Any CPU.Build.0 = Debug|Any CPU
		{A983137D-7C98-433E-B1BC-D40A6E6597DD}.Release|Any CPU.ActiveCfg = Release|Any CPU
		{A983137D-7C98-433E-B1BC-D40A6E6597DD}.Release|Any CPU.Build.0 = Release|Any CPU
		{29B87E5D-7FDC-497F-B99F-BAFE000E684B}.Debug|Any CPU.ActiveCfg = Debug|Any CPU
		{29B87E5D-7FDC-497F-B99F-BAFE000E684B}.Debug|Any CPU.Build.0 = Debug|Any CPU
		{29B87E5D-7FDC-497F-B99F-BAFE000E684B}.Release|Any CPU.ActiveCfg = Release|Any CPU
		{29B87E5D-7FDC-497F-B99F-BAFE000E684B}.Release|Any CPU.Build.0 = Release|Any CPU
		{49761B2D-E13E-48CE-ADF3-449608948AD2}.Debug|Any CPU.ActiveCfg = Debug|Any CPU
		{49761B2D-E13E-48CE-ADF3-449608948AD2}.Debug|Any CPU.Build.0 = Debug|Any CPU
		{49761B2D-E13E-48CE-ADF3-449608948AD2}.Release|Any CPU.ActiveCfg = Release|Any CPU
		{49761B2D-E13E-48CE-ADF3-449608948AD2}.Release|Any CPU.Build.0 = Release|Any CPU
		{CFA17E14-343E-4C99-8AEC-08EF1D5E274F}.Debug|Any CPU.ActiveCfg = Debug|Any CPU
		{CFA17E14-343E-4C99-8AEC-08EF1D5E274F}.Debug|Any CPU.Build.0 = Debug|Any CPU
		{CFA17E14-343E-4C99-8AEC-08EF1D5E274F}.Release|Any CPU.ActiveCfg = Release|Any CPU
		{CFA17E14-343E-4C99-8AEC-08EF1D5E274F}.Release|Any CPU.Build.0 = Release|Any CPU
	EndGlobalSection
	GlobalSection(SolutionProperties) = preSolution
		HideSolutionNode = FALSE
	EndGlobalSection
	GlobalSection(SubversionScc) = preSolution
		Svn-Managed = True
		Manager = AnkhSVN - Subversion Support for Visual Studio
	EndGlobalSection
EndGlobal
